// !$*UTF8*$!
{
	archiveVersion = 1;
	classes = {
	};
	objectVersion = 56;
	objects = {

/* Begin PBXBuildFile section */
		BC28F5E32AFEB6CE0054327E /* CircularDownloadButtonApp.swift in Sources */ = {isa = PBXBuildFile; fileRef = BC28F5E22AFEB6CE0054327E /* CircularDownloadButtonApp.swift */; };
		BC28F5E52AFEB6CE0054327E /* MainView.swift in Sources */ = {isa = PBXBuildFile; fileRef = BC28F5E42AFEB6CE0054327E /* MainView.swift */; };
		BC28F5E72AFEB6D00054327E /* Assets.xcassets in Resources */ = {isa = PBXBuildFile; fileRef = BC28F5E62AFEB6D00054327E /* Assets.xcassets */; };
		BC28F5EA2AFEB6D00054327E /* Preview Assets.xcassets in Resources */ = {isa = PBXBuildFile; fileRef = BC28F5E92AFEB6D00054327E /* Preview Assets.xcassets */; };
		BC568CC32AFEB9B100730943 /* ColorExtensions.swift in Sources */ = {isa = PBXBuildFile; fileRef = BC568CC22AFEB9B100730943 /* ColorExtensions.swift */; };
		BC568CC52AFEB9CF00730943 /* FoundationExtensions.swift in Sources */ = {isa = PBXBuildFile; fileRef = BC568CC42AFEB9CF00730943 /* FoundationExtensions.swift */; };
		BC568CC72AFEB9E900730943 /* Colors.swift in Sources */ = {isa = PBXBuildFile; fileRef = BC568CC62AFEB9E900730943 /* Colors.swift */; };
/* End PBXBuildFile section */

/* Begin PBXFileReference section */
		BC28F5DF2AFEB6CE0054327E /* CircularDownloadButton.app */ = {isa = PBXFileReference; explicitFileType = wrapper.application; includeInIndex = 0; path = CircularDownloadButton.app; sourceTree = BUILT_PRODUCTS_DIR; };
		BC28F5E22AFEB6CE0054327E /* CircularDownloadButtonApp.swift */ = {isa = PBXFileReference; lastKnownFileType = sourcecode.swift; path = CircularDownloadButtonApp.swift; sourceTree = "<group>"; };
		BC28F5E42AFEB6CE0054327E /* MainView.swift */ = {isa = PBXFileReference; lastKnownFileType = sourcecode.swift; path = MainView.swift; sourceTree = "<group>"; };
		BC28F5E62AFEB6D00054327E /* Assets.xcassets */ = {isa = PBXFileReference; lastKnownFileType = folder.assetcatalog; path = Assets.xcassets; sourceTree = "<group>"; };
		BC28F5E92AFEB6D00054327E /* Preview Assets.xcassets */ = {isa = PBXFileReference; lastKnownFileType = folder.assetcatalog; path = "Preview Assets.xcassets"; sourceTree = "<group>"; };
		BC568CC22AFEB9B100730943 /* ColorExtensions.swift */ = {isa = PBXFileReference; lastKnownFileType = sourcecode.swift; path = ColorExtensions.swift; sourceTree = "<group>"; };
		BC568CC42AFEB9CF00730943 /* FoundationExtensions.swift */ = {isa = PBXFileReference; lastKnownFileType = sourcecode.swift; path = FoundationExtensions.swift; sourceTree = "<group>"; };
		BC568CC62AFEB9E900730943 /* Colors.swift */ = {isa = PBXFileReference; lastKnownFileType = sourcecode.swift; path = Colors.swift; sourceTree = "<group>"; };
/* End PBXFileReference section */

/* Begin PBXFrameworksBuildPhase section */
		BC28F5DC2AFEB6CE0054327E /* Frameworks */ = {
			isa = PBXFrameworksBuildPhase;
			buildActionMask = 2147483647;
			files = (
			);
			runOnlyForDeploymentPostprocessing = 0;
		};
/* End PBXFrameworksBuildPhase section */

/* Begin PBXGroup section */
		BC28F5D62AFEB6CE0054327E = {
			isa = PBXGroup;
			children = (
				BC28F5E12AFEB6CE0054327E /* CircularDownloadButton */,
				BC28F5E02AFEB6CE0054327E /* Products */,
			);
			sourceTree = "<group>";
		};
		BC28F5E02AFEB6CE0054327E /* Products */ = {
			isa = PBXGroup;
			children = (
				BC28F5DF2AFEB6CE0054327E /* CircularDownloadButton.app */,
			);
			name = Products;
			sourceTree = "<group>";
		};
		BC28F5E12AFEB6CE0054327E /* CircularDownloadButton */ = {
			isa = PBXGroup;
			children = (
				BC568CBF2AFEB96200730943 /* Common */,
				BC28F5F42AFEB8410054327E /* Resources */,
				BC28F5F12AFEB78D0054327E /* Views */,
				BC28F5F02AFEB7740054327E /* Controllers */,
			);
			path = CircularDownloadButton;
			sourceTree = "<group>";
		};
		BC28F5E82AFEB6D00054327E /* Preview Content */ = {
			isa = PBXGroup;
			children = (
				BC28F5E92AFEB6D00054327E /* Preview Assets.xcassets */,
			);
			name = "Preview Content";
			path = "../Preview Content";
			sourceTree = "<group>";
		};
		BC28F5F02AFEB7740054327E /* Controllers */ = {
			isa = PBXGroup;
			children = (
				BC28F5E22AFEB6CE0054327E /* CircularDownloadButtonApp.swift */,
			);
			path = Controllers;
			sourceTree = "<group>";
		};
		BC28F5F12AFEB78D0054327E /* Views */ = {
			isa = PBXGroup;
			children = (
				BC28F5F22AFEB7A80054327E /* Main */,
			);
			path = Views;
			sourceTree = "<group>";
		};
		BC28F5F22AFEB7A80054327E /* Main */ = {
			isa = PBXGroup;
			children = (
				BC28F5F32AFEB7C00054327E /* Views */,
			);
			path = Main;
			sourceTree = "<group>";
		};
		BC28F5F32AFEB7C00054327E /* Views */ = {
			isa = PBXGroup;
			children = (
				BC28F5E42AFEB6CE0054327E /* MainView.swift */,
			);
			path = Views;
			sourceTree = "<group>";
		};
		BC28F5F42AFEB8410054327E /* Resources */ = {
			isa = PBXGroup;
			children = (
				BC28F5E82AFEB6D00054327E /* Preview Content */,
				BC28F5E62AFEB6D00054327E /* Assets.xcassets */,
			);
			path = Resources;
			sourceTree = "<group>";
		};
		BC568CBF2AFEB96200730943 /* Common */ = {
			isa = PBXGroup;
			children = (
				BC568CC12AFEB98300730943 /* Extensions */,
				BC568CC02AFEB97A00730943 /* Utils */,
			);
			path = Common;
			sourceTree = "<group>";
		};
		BC568CC02AFEB97A00730943 /* Utils */ = {
			isa = PBXGroup;
			children = (
				BC568CC62AFEB9E900730943 /* Colors.swift */,
			);
			path = Utils;
			sourceTree = "<group>";
		};
		BC568CC12AFEB98300730943 /* Extensions */ = {
			isa = PBXGroup;
			children = (
				BC568CC22AFEB9B100730943 /* ColorExtensions.swift */,
				BC568CC42AFEB9CF00730943 /* FoundationExtensions.swift */,
			);
			path = Extensions;
			sourceTree = "<group>";
		};
/* End PBXGroup section */

/* Begin PBXNativeTarget section */
		BC28F5DE2AFEB6CE0054327E /* CircularDownloadButton */ = {
			isa = PBXNativeTarget;
			buildConfigurationList = BC28F5ED2AFEB6D00054327E /* Build configuration list for PBXNativeTarget "CircularDownloadButton" */;
			buildPhases = (
				BC28F5DB2AFEB6CE0054327E /* Sources */,
				BC28F5DC2AFEB6CE0054327E /* Frameworks */,
				BC28F5DD2AFEB6CE0054327E /* Resources */,
			);
			buildRules = (
			);
			dependencies = (
			);
			name = CircularDownloadButton;
			productName = CircularDownloadButton;
			productReference = BC28F5DF2AFEB6CE0054327E /* CircularDownloadButton.app */;
			productType = "com.apple.product-type.application";
		};
/* End PBXNativeTarget section */

/* Begin PBXProject section */
		BC28F5D72AFEB6CE0054327E /* Project object */ = {
			isa = PBXProject;
			attributes = {
				BuildIndependentTargetsInParallel = 1;
				LastSwiftUpdateCheck = 1500;
				LastUpgradeCheck = 1500;
				TargetAttributes = {
					BC28F5DE2AFEB6CE0054327E = {
						CreatedOnToolsVersion = 15.0.1;
					};
				};
			};
			buildConfigurationList = BC28F5DA2AFEB6CE0054327E /* Build configuration list for PBXProject "CircularDownloadButton" */;
			compatibilityVersion = "Xcode 14.0";
			developmentRegion = en;
			hasScannedForEncodings = 0;
			knownRegions = (
				en,
				Base,
			);
			mainGroup = BC28F5D62AFEB6CE0054327E;
			productRefGroup = BC28F5E02AFEB6CE0054327E /* Products */;
			projectDirPath = "";
			projectRoot = "";
			targets = (
				BC28F5DE2AFEB6CE0054327E /* CircularDownloadButton */,
			);
		};
/* End PBXProject section */

/* Begin PBXResourcesBuildPhase section */
		BC28F5DD2AFEB6CE0054327E /* Resources */ = {
			isa = PBXResourcesBuildPhase;
			buildActionMask = 2147483647;
			files = (
				BC28F5EA2AFEB6D00054327E /* Preview Assets.xcassets in Resources */,
				BC28F5E72AFEB6D00054327E /* Assets.xcassets in Resources */,
			);
			runOnlyForDeploymentPostprocessing = 0;
		};
/* End PBXResourcesBuildPhase section */

/* Begin PBXSourcesBuildPhase section */
		BC28F5DB2AFEB6CE0054327E /* Sources */ = {
			isa = PBXSourcesBuildPhase;
			buildActionMask = 2147483647;
			files = (
				BC568CC52AFEB9CF00730943 /* FoundationExtensions.swift in Sources */,
				BC568CC72AFEB9E900730943 /* Colors.swift in Sources */,
				BC28F5E52AFEB6CE0054327E /* MainView.swift in Sources */,
				BC28F5E32AFEB6CE0054327E /* CircularDownloadButtonApp.swift in Sources */,
				BC568CC32AFEB9B100730943 /* ColorExtensions.swift in Sources */,
			);
			runOnlyForDeploymentPostprocessing = 0;
		};
/* End PBXSourcesBuildPhase section */

/* Begin XCBuildConfiguration section */
		BC28F5EB2AFEB6D00054327E /* Debug */ = {
			isa = XCBuildConfiguration;
			buildSettings = {
				ALWAYS_SEARCH_USER_PATHS = NO;
				ASSETCATALOG_COMPILER_GENERATE_SWIFT_ASSET_SYMBOL_EXTENSIONS = YES;
				CLANG_ANALYZER_NONNULL = YES;
				CLANG_ANALYZER_NUMBER_OBJECT_CONVERSION = YES_AGGRESSIVE;
				CLANG_CXX_LANGUAGE_STANDARD = "gnu++20";
				CLANG_ENABLE_MODULES = YES;
				CLANG_ENABLE_OBJC_ARC = YES;
				CLANG_ENABLE_OBJC_WEAK = YES;
				CLANG_WARN_BLOCK_CAPTURE_AUTORELEASING = YES;
				CLANG_WARN_BOOL_CONVERSION = YES;
				CLANG_WARN_COMMA = YES;
				CLANG_WARN_CONSTANT_CONVERSION = YES;
				CLANG_WARN_DEPRECATED_OBJC_IMPLEMENTATIONS = YES;
				CLANG_WARN_DIRECT_OBJC_ISA_USAGE = YES_ERROR;
				CLANG_WARN_DOCUMENTATION_COMMENTS = YES;
				CLANG_WARN_EMPTY_BODY = YES;
				CLANG_WARN_ENUM_CONVERSION = YES;
				CLANG_WARN_INFINITE_RECURSION = YES;
				CLANG_WARN_INT_CONVERSION = YES;
				CLANG_WARN_NON_LITERAL_NULL_CONVERSION = YES;
				CLANG_WARN_OBJC_IMPLICIT_RETAIN_SELF = YES;
				CLANG_WARN_OBJC_LITERAL_CONVERSION = YES;
				CLANG_WARN_OBJC_ROOT_CLASS = YES_ERROR;
				CLANG_WARN_QUOTED_INCLUDE_IN_FRAMEWORK_HEADER = YES;
				CLANG_WARN_RANGE_LOOP_ANALYSIS = YES;
				CLANG_WARN_STRICT_PROTOTYPES = YES;
				CLANG_WARN_SUSPICIOUS_MOVE = YES;
				CLANG_WARN_UNGUARDED_AVAILABILITY = YES_AGGRESSIVE;
				CLANG_WARN_UNREACHABLE_CODE = YES;
				CLANG_WARN__DUPLICATE_METHOD_MATCH = YES;
				COPY_PHASE_STRIP = NO;
				DEBUG_INFORMATION_FORMAT = dwarf;
				ENABLE_STRICT_OBJC_MSGSEND = YES;
				ENABLE_TESTABILITY = YES;
				ENABLE_USER_SCRIPT_SANDBOXING = YES;
				GCC_C_LANGUAGE_STANDARD = gnu17;
				GCC_DYNAMIC_NO_PIC = NO;
				GCC_NO_COMMON_BLOCKS = YES;
				GCC_OPTIMIZATION_LEVEL = 0;
				GCC_PREPROCESSOR_DEFINITIONS = (
					"DEBUG=1",
					"$(inherited)",
				);
				GCC_WARN_64_TO_32_BIT_CONVERSION = YES;
				GCC_WARN_ABOUT_RETURN_TYPE = YES_ERROR;
				GCC_WARN_UNDECLARED_SELECTOR = YES;
				GCC_WARN_UNINITIALIZED_AUTOS = YES_AGGRESSIVE;
				GCC_WARN_UNUSED_FUNCTION = YES;
				GCC_WARN_UNUSED_VARIABLE = YES;
				IPHONEOS_DEPLOYMENT_TARGET = 17.0;
				LOCALIZATION_PREFERS_STRING_CATALOGS = YES;
				MTL_ENABLE_DEBUG_INFO = INCLUDE_SOURCE;
				MTL_FAST_MATH = YES;
				ONLY_ACTIVE_ARCH = YES;
				SDKROOT = iphoneos;
				SWIFT_ACTIVE_COMPILATION_CONDITIONS = "DEBUG $(inherited)";
				SWIFT_OPTIMIZATION_LEVEL = "-Onone";
			};
			name = Debug;
		};
		BC28F5EC2AFEB6D00054327E /* Release */ = {
			isa = XCBuildConfiguration;
			buildSettings = {
				ALWAYS_SEARCH_USER_PATHS = NO;
				ASSETCATALOG_COMPILER_GENERATE_SWIFT_ASSET_SYMBOL_EXTENSIONS = YES;
				CLANG_ANALYZER_NONNULL = YES;
				CLANG_ANALYZER_NUMBER_OBJECT_CONVERSION = YES_AGGRESSIVE;
				CLANG_CXX_LANGUAGE_STANDARD = "gnu++20";
				CLANG_ENABLE_MODULES = YES;
				CLANG_ENABLE_OBJC_ARC = YES;
				CLANG_ENABLE_OBJC_WEAK = YES;
				CLANG_WARN_BLOCK_CAPTURE_AUTORELEASING = YES;
				CLANG_WARN_BOOL_CONVERSION = YES;
				CLANG_WARN_COMMA = YES;
				CLANG_WARN_CONSTANT_CONVERSION = YES;
				CLANG_WARN_DEPRECATED_OBJC_IMPLEMENTATIONS = YES;
				CLANG_WARN_DIRECT_OBJC_ISA_USAGE = YES_ERROR;
				CLANG_WARN_DOCUMENTATION_COMMENTS = YES;
				CLANG_WARN_EMPTY_BODY = YES;
				CLANG_WARN_ENUM_CONVERSION = YES;
				CLANG_WARN_INFINITE_RECURSION = YES;
				CLANG_WARN_INT_CONVERSION = YES;
				CLANG_WARN_NON_LITERAL_NULL_CONVERSION = YES;
				CLANG_WARN_OBJC_IMPLICIT_RETAIN_SELF = YES;
				CLANG_WARN_OBJC_LITERAL_CONVERSION = YES;
				CLANG_WARN_OBJC_ROOT_CLASS = YES_ERROR;
				CLANG_WARN_QUOTED_INCLUDE_IN_FRAMEWORK_HEADER = YES;
				CLANG_WARN_RANGE_LOOP_ANALYSIS = YES;
				CLANG_WARN_STRICT_PROTOTYPES = YES;
				CLANG_WARN_SUSPICIOUS_MOVE = YES;
				CLANG_WARN_UNGUARDED_AVAILABILITY = YES_AGGRESSIVE;
				CLANG_WARN_UNREACHABLE_CODE = YES;
				CLANG_WARN__DUPLICATE_METHOD_MATCH = YES;
				COPY_PHASE_STRIP = NO;
				DEBUG_INFORMATION_FORMAT = "dwarf-with-dsym";
				ENABLE_NS_ASSERTIONS = NO;
				ENABLE_STRICT_OBJC_MSGSEND = YES;
				ENABLE_USER_SCRIPT_SANDBOXING = YES;
				GCC_C_LANGUAGE_STANDARD = gnu17;
				GCC_NO_COMMON_BLOCKS = YES;
				GCC_WARN_64_TO_32_BIT_CONVERSION = YES;
				GCC_WARN_ABOUT_RETURN_TYPE = YES_ERROR;
				GCC_WARN_UNDECLARED_SELECTOR = YES;
				GCC_WARN_UNINITIALIZED_AUTOS = YES_AGGRESSIVE;
				GCC_WARN_UNUSED_FUNCTION = YES;
				GCC_WARN_UNUSED_VARIABLE = YES;
				IPHONEOS_DEPLOYMENT_TARGET = 17.0;
				LOCALIZATION_PREFERS_STRING_CATALOGS = YES;
				MTL_ENABLE_DEBUG_INFO = NO;
				MTL_FAST_MATH = YES;
				SDKROOT = iphoneos;
				SWIFT_COMPILATION_MODE = wholemodule;
				VALIDATE_PRODUCT = YES;
			};
			name = Release;
		};
		BC28F5EE2AFEB6D00054327E /* Debug */ = {
			isa = XCBuildConfiguration;
			buildSettings = {
				ASSETCATALOG_COMPILER_APPICON_NAME = AppIcon;
				ASSETCATALOG_COMPILER_GLOBAL_ACCENT_COLOR_NAME = AccentColor;
				CODE_SIGN_STYLE = Automatic;
				CURRENT_PROJECT_VERSION = 1;
				DEVELOPMENT_ASSET_PATHS = "\"CircularDownloadButton/Resources/Preview Content\"";
				ENABLE_PREVIEWS = YES;
				GENERATE_INFOPLIST_FILE = YES;
				INFOPLIST_KEY_UIApplicationSceneManifest_Generation = YES;
				INFOPLIST_KEY_UIApplicationSupportsIndirectInputEvents = YES;
				INFOPLIST_KEY_UILaunchScreen_Generation = YES;
				INFOPLIST_KEY_UISupportedInterfaceOrientations_iPad = "UIInterfaceOrientationPortrait UIInterfaceOrientationPortraitUpsideDown UIInterfaceOrientationLandscapeLeft UIInterfaceOrientationLandscapeRight";
				INFOPLIST_KEY_UISupportedInterfaceOrientations_iPhone = "UIInterfaceOrientationPortrait UIInterfaceOrientationLandscapeLeft UIInterfaceOrientationLandscapeRight";
				LD_RUNPATH_SEARCH_PATHS = (
					"$(inherited)",
					"@executable_path/Frameworks",
				);
				MARKETING_VERSION = 1.0;
				PRODUCT_BUNDLE_IDENTIFIER = com.oleandrobastos.CircularDownloadButton;
				PRODUCT_NAME = "$(TARGET_NAME)";
				SWIFT_EMIT_LOC_STRINGS = YES;
				SWIFT_VERSION = 5.0;
				TARGETED_DEVICE_FAMILY = "1,2";
			};
			name = Debug;
		};
		BC28F5EF2AFEB6D00054327E /* Release */ = {
			isa = XCBuildConfiguration;
			buildSettings = {
				ASSETCATALOG_COMPILER_APPICON_NAME = AppIcon;
				ASSETCATALOG_COMPILER_GLOBAL_ACCENT_COLOR_NAME = AccentColor;
				CODE_SIGN_STYLE = Automatic;
				CURRENT_PROJECT_VERSION = 1;
				DEVELOPMENT_ASSET_PATHS = "\"CircularDownloadButton/Resources/Preview Content\"";
				ENABLE_PREVIEWS = YES;
				GENERATE_INFOPLIST_FILE = YES;
				INFOPLIST_KEY_UIApplicationSceneManifest_Generation = YES;
				INFOPLIST_KEY_UIApplicationSupportsIndirectInputEvents = YES;
				INFOPLIST_KEY_UILaunchScreen_Generation = YES;
				INFOPLIST_KEY_UISupportedInterfaceOrientations_iPad = "UIInterfaceOrientationPortrait UIInterfaceOrientationPortraitUpsideDown UIInterfaceOrientationLandscapeLeft UIInterfaceOrientationLandscapeRight";
				INFOPLIST_KEY_UISupportedInterfaceOrientations_iPhone = "UIInterfaceOrientationPortrait UIInterfaceOrientationLandscapeLeft UIInterfaceOrientationLandscapeRight";
				LD_RUNPATH_SEARCH_PATHS = (
					"$(inherited)",
					"@executable_path/Frameworks",
				);
				MARKETING_VERSION = 1.0;
				PRODUCT_BUNDLE_IDENTIFIER = com.oleandrobastos.CircularDownloadButton;
				PRODUCT_NAME = "$(TARGET_NAME)";
				SWIFT_EMIT_LOC_STRINGS = YES;
				SWIFT_VERSION = 5.0;
				TARGETED_DEVICE_FAMILY = "1,2";
			};
			name = Release;
		};
/* End XCBuildConfiguration section */

/* Begin XCConfigurationList section */
		BC28F5DA2AFEB6CE0054327E /* Build configuration list for PBXProject "CircularDownloadButton" */ = {
			isa = XCConfigurationList;
			buildConfigurations = (
				BC28F5EB2AFEB6D00054327E /* Debug */,
				BC28F5EC2AFEB6D00054327E /* Release */,
			);
			defaultConfigurationIsVisible = 0;
			defaultConfigurationName = Release;
		};
		BC28F5ED2AFEB6D00054327E /* Build configuration list for PBXNativeTarget "CircularDownloadButton" */ = {
			isa = XCConfigurationList;
			buildConfigurations = (
				BC28F5EE2AFEB6D00054327E /* Debug */,
				BC28F5EF2AFEB6D00054327E /* Release */,
			);
			defaultConfigurationIsVisible = 0;
			defaultConfigurationName = Release;
		};
/* End XCConfigurationList section */
	};
	rootObject = BC28F5D72AFEB6CE0054327E /* Project object */;
}
